// !$*UTF8*$!
{
	archiveVersion = 1;
	classes = {
	};
	objectVersion = 50;
	objects = {

/* Begin PBXBuildFile section */
		3B47CF5225EDA6550031FBBE /* AppDelegate.swift in Sources */ = {isa = PBXBuildFile; fileRef = 3B47CF5125EDA6550031FBBE /* AppDelegate.swift */; };
		3B47CF5425EDA6550031FBBE /* SceneDelegate.swift in Sources */ = {isa = PBXBuildFile; fileRef = 3B47CF5325EDA6550031FBBE /* SceneDelegate.swift */; };
		3B47CF5625EDA6550031FBBE /* ViewController.swift in Sources */ = {isa = PBXBuildFile; fileRef = 3B47CF5525EDA6550031FBBE /* ViewController.swift */; };
		3B47CF5925EDA6550031FBBE /* Main.storyboard in Resources */ = {isa = PBXBuildFile; fileRef = 3B47CF5725EDA6550031FBBE /* Main.storyboard */; };
		3B47CF5B25EDA6560031FBBE /* Assets.xcassets in Resources */ = {isa = PBXBuildFile; fileRef = 3B47CF5A25EDA6560031FBBE /* Assets.xcassets */; };
		3B47CF5E25EDA6560031FBBE /* LaunchScreen.storyboard in Resources */ = {isa = PBXBuildFile; fileRef = 3B47CF5C25EDA6560031FBBE /* LaunchScreen.storyboard */; };
		3B47CF6925EDA6570031FBBE /* StockCheckTests.swift in Sources */ = {isa = PBXBuildFile; fileRef = 3B47CF6825EDA6570031FBBE /* StockCheckTests.swift */; };
		3B47CF7425EDA6570031FBBE /* StockCheckUITests.swift in Sources */ = {isa = PBXBuildFile; fileRef = 3B47CF7325EDA6570031FBBE /* StockCheckUITests.swift */; };
		3B47CF8625EDA6990031FBBE /* StockData.swift in Sources */ = {isa = PBXBuildFile; fileRef = 3B47CF8525EDA6990031FBBE /* StockData.swift */; };
/* End PBXBuildFile section */

/* Begin PBXContainerItemProxy section */
		3B47CF6525EDA6570031FBBE /* PBXContainerItemProxy */ = {
			isa = PBXContainerItemProxy;
			containerPortal = 3B47CF4625EDA6550031FBBE /* Project object */;
			proxyType = 1;
			remoteGlobalIDString = 3B47CF4D25EDA6550031FBBE;
			remoteInfo = StockCheck;
		};
		3B47CF7025EDA6570031FBBE /* PBXContainerItemProxy */ = {
			isa = PBXContainerItemProxy;
			containerPortal = 3B47CF4625EDA6550031FBBE /* Project object */;
			proxyType = 1;
			remoteGlobalIDString = 3B47CF4D25EDA6550031FBBE;
			remoteInfo = StockCheck;
		};
/* End PBXContainerItemProxy section */

/* Begin PBXFileReference section */
		3B47CF4E25EDA6550031FBBE /* StockCheck.app */ = {isa = PBXFileReference; explicitFileType = wrapper.application; includeInIndex = 0; path = StockCheck.app; sourceTree = BUILT_PRODUCTS_DIR; };
		3B47CF5125EDA6550031FBBE /* AppDelegate.swift */ = {isa = PBXFileReference; lastKnownFileType = sourcecode.swift; path = AppDelegate.swift; sourceTree = "<group>"; };
		3B47CF5325EDA6550031FBBE /* SceneDelegate.swift */ = {isa = PBXFileReference; lastKnownFileType = sourcecode.swift; path = SceneDelegate.swift; sourceTree = "<group>"; };
		3B47CF5525EDA6550031FBBE /* ViewController.swift */ = {isa = PBXFileReference; lastKnownFileType = sourcecode.swift; path = ViewController.swift; sourceTree = "<group>"; };
		3B47CF5825EDA6550031FBBE /* Base */ = {isa = PBXFileReference; lastKnownFileType = file.storyboard; name = Base; path = Base.lproj/Main.storyboard; sourceTree = "<group>"; };
		3B47CF5A25EDA6560031FBBE /* Assets.xcassets */ = {isa = PBXFileReference; lastKnownFileType = folder.assetcatalog; path = Assets.xcassets; sourceTree = "<group>"; };
		3B47CF5D25EDA6560031FBBE /* Base */ = {isa = PBXFileReference; lastKnownFileType = file.storyboard; name = Base; path = Base.lproj/LaunchScreen.storyboard; sourceTree = "<group>"; };
		3B47CF5F25EDA6560031FBBE /* Info.plist */ = {isa = PBXFileReference; lastKnownFileType = text.plist.xml; path = Info.plist; sourceTree = "<group>"; };
		3B47CF6425EDA6570031FBBE /* StockCheckTests.xctest */ = {isa = PBXFileReference; explicitFileType = wrapper.cfbundle; includeInIndex = 0; path = StockCheckTests.xctest; sourceTree = BUILT_PRODUCTS_DIR; };
		3B47CF6825EDA6570031FBBE /* StockCheckTests.swift */ = {isa = PBXFileReference; lastKnownFileType = sourcecode.swift; path = StockCheckTests.swift; sourceTree = "<group>"; };
		3B47CF6A25EDA6570031FBBE /* Info.plist */ = {isa = PBXFileReference; lastKnownFileType = text.plist.xml; path = Info.plist; sourceTree = "<group>"; };
		3B47CF6F25EDA6570031FBBE /* StockCheckUITests.xctest */ = {isa = PBXFileReference; explicitFileType = wrapper.cfbundle; includeInIndex = 0; path = StockCheckUITests.xctest; sourceTree = BUILT_PRODUCTS_DIR; };
		3B47CF7325EDA6570031FBBE /* StockCheckUITests.swift */ = {isa = PBXFileReference; lastKnownFileType = sourcecode.swift; path = StockCheckUITests.swift; sourceTree = "<group>"; };
		3B47CF7525EDA6570031FBBE /* Info.plist */ = {isa = PBXFileReference; lastKnownFileType = text.plist.xml; path = Info.plist; sourceTree = "<group>"; };
		3B47CF8525EDA6990031FBBE /* StockData.swift */ = {isa = PBXFileReference; lastKnownFileType = sourcecode.swift; path = StockData.swift; sourceTree = "<group>"; };
/* End PBXFileReference section */

/* Begin PBXFrameworksBuildPhase section */
		3B47CF4B25EDA6550031FBBE /* Frameworks */ = {
			isa = PBXFrameworksBuildPhase;
			buildActionMask = 2147483647;
			files = (
			);
			runOnlyForDeploymentPostprocessing = 0;
		};
		3B47CF6125EDA6570031FBBE /* Frameworks */ = {
			isa = PBXFrameworksBuildPhase;
			buildActionMask = 2147483647;
			files = (
			);
			runOnlyForDeploymentPostprocessing = 0;
		};
		3B47CF6C25EDA6570031FBBE /* Frameworks */ = {
			isa = PBXFrameworksBuildPhase;
			buildActionMask = 2147483647;
			files = (
			);
			runOnlyForDeploymentPostprocessing = 0;
		};
/* End PBXFrameworksBuildPhase section */

/* Begin PBXGroup section */
		3B47CF4525EDA6550031FBBE = {
			isa = PBXGroup;
			children = (
				3B47CF5025EDA6550031FBBE /* StockCheck */,
				3B47CF6725EDA6570031FBBE /* StockCheckTests */,
				3B47CF7225EDA6570031FBBE /* StockCheckUITests */,
				3B47CF4F25EDA6550031FBBE /* Products */,
			);
			sourceTree = "<group>";
		};
		3B47CF4F25EDA6550031FBBE /* Products */ = {
			isa = PBXGroup;
			children = (
				3B47CF4E25EDA6550031FBBE /* StockCheck.app */,
				3B47CF6425EDA6570031FBBE /* StockCheckTests.xctest */,
				3B47CF6F25EDA6570031FBBE /* StockCheckUITests.xctest */,
			);
			name = Products;
			sourceTree = "<group>";
		};
		3B47CF5025EDA6550031FBBE /* StockCheck */ = {
			isa = PBXGroup;
			children = (
				3B47CF8425EDA67F0031FBBE /* DataModel */,
				3B47CF5125EDA6550031FBBE /* AppDelegate.swift */,
				3B47CF5325EDA6550031FBBE /* SceneDelegate.swift */,
				3B47CF5525EDA6550031FBBE /* ViewController.swift */,
				3B47CF5725EDA6550031FBBE /* Main.storyboard */,
				3B47CF5A25EDA6560031FBBE /* Assets.xcassets */,
				3B47CF5C25EDA6560031FBBE /* LaunchScreen.storyboard */,
				3B47CF5F25EDA6560031FBBE /* Info.plist */,
			);
			path = StockCheck;
			sourceTree = "<group>";
		};
		3B47CF6725EDA6570031FBBE /* StockCheckTests */ = {
			isa = PBXGroup;
			children = (
				3B47CF6825EDA6570031FBBE /* StockCheckTests.swift */,
				3B47CF6A25EDA6570031FBBE /* Info.plist */,
			);
			path = StockCheckTests;
			sourceTree = "<group>";
		};
		3B47CF7225EDA6570031FBBE /* StockCheckUITests */ = {
			isa = PBXGroup;
			children = (
				3B47CF7325EDA6570031FBBE /* StockCheckUITests.swift */,
				3B47CF7525EDA6570031FBBE /* Info.plist */,
			);
			path = StockCheckUITests;
			sourceTree = "<group>";
		};
		3B47CF8425EDA67F0031FBBE /* DataModel */ = {
			isa = PBXGroup;
			children = (
				3B47CF8525EDA6990031FBBE /* StockData.swift */,
			);
			path = DataModel;
			sourceTree = "<group>";
		};
/* End PBXGroup section */

/* Begin PBXNativeTarget section */
		3B47CF4D25EDA6550031FBBE /* StockCheck */ = {
			isa = PBXNativeTarget;
			buildConfigurationList = 3B47CF7825EDA6570031FBBE /* Build configuration list for PBXNativeTarget "StockCheck" */;
			buildPhases = (
				3B47CF4A25EDA6550031FBBE /* Sources */,
				3B47CF4B25EDA6550031FBBE /* Frameworks */,
				3B47CF4C25EDA6550031FBBE /* Resources */,
			);
			buildRules = (
			);
			dependencies = (
			);
			name = StockCheck;
			productName = StockCheck;
			productReference = 3B47CF4E25EDA6550031FBBE /* StockCheck.app */;
			productType = "com.apple.product-type.application";
		};
		3B47CF6325EDA6570031FBBE /* StockCheckTests */ = {
			isa = PBXNativeTarget;
			buildConfigurationList = 3B47CF7B25EDA6570031FBBE /* Build configuration list for PBXNativeTarget "StockCheckTests" */;
			buildPhases = (
				3B47CF6025EDA6570031FBBE /* Sources */,
				3B47CF6125EDA6570031FBBE /* Frameworks */,
				3B47CF6225EDA6570031FBBE /* Resources */,
			);
			buildRules = (
			);
			dependencies = (
				3B47CF6625EDA6570031FBBE /* PBXTargetDependency */,
			);
			name = StockCheckTests;
			productName = StockCheckTests;
			productReference = 3B47CF6425EDA6570031FBBE /* StockCheckTests.xctest */;
			productType = "com.apple.product-type.bundle.unit-test";
		};
		3B47CF6E25EDA6570031FBBE /* StockCheckUITests */ = {
			isa = PBXNativeTarget;
			buildConfigurationList = 3B47CF7E25EDA6570031FBBE /* Build configuration list for PBXNativeTarget "StockCheckUITests" */;
			buildPhases = (
				3B47CF6B25EDA6570031FBBE /* Sources */,
				3B47CF6C25EDA6570031FBBE /* Frameworks */,
				3B47CF6D25EDA6570031FBBE /* Resources */,
			);
			buildRules = (
			);
			dependencies = (
				3B47CF7125EDA6570031FBBE /* PBXTargetDependency */,
			);
			name = StockCheckUITests;
			productName = StockCheckUITests;
			productReference = 3B47CF6F25EDA6570031FBBE /* StockCheckUITests.xctest */;
			productType = "com.apple.product-type.bundle.ui-testing";
		};
/* End PBXNativeTarget section */

/* Begin PBXProject section */
		3B47CF4625EDA6550031FBBE /* Project object */ = {
			isa = PBXProject;
			attributes = {
				LastSwiftUpdateCheck = 1240;
				LastUpgradeCheck = 1240;
				TargetAttributes = {
					3B47CF4D25EDA6550031FBBE = {
						CreatedOnToolsVersion = 12.4;
					};
					3B47CF6325EDA6570031FBBE = {
						CreatedOnToolsVersion = 12.4;
						TestTargetID = 3B47CF4D25EDA6550031FBBE;
					};
					3B47CF6E25EDA6570031FBBE = {
						CreatedOnToolsVersion = 12.4;
						TestTargetID = 3B47CF4D25EDA6550031FBBE;
					};
				};
			};
			buildConfigurationList = 3B47CF4925EDA6550031FBBE /* Build configuration list for PBXProject "StockCheck" */;
			compatibilityVersion = "Xcode 9.3";
			developmentRegion = en;
			hasScannedForEncodings = 0;
			knownRegions = (
				en,
				Base,
			);
			mainGroup = 3B47CF4525EDA6550031FBBE;
			productRefGroup = 3B47CF4F25EDA6550031FBBE /* Products */;
			projectDirPath = "";
			projectRoot = "";
			targets = (
				3B47CF4D25EDA6550031FBBE /* StockCheck */,
				3B47CF6325EDA6570031FBBE /* StockCheckTests */,
				3B47CF6E25EDA6570031FBBE /* StockCheckUITests */,
			);
		};
/* End PBXProject section */

/* Begin PBXResourcesBuildPhase section */
		3B47CF4C25EDA6550031FBBE /* Resources */ = {
			isa = PBXResourcesBuildPhase;
			buildActionMask = 2147483647;
			files = (
				3B47CF5E25EDA6560031FBBE /* LaunchScreen.storyboard in Resources */,
				3B47CF5B25EDA6560031FBBE /* Assets.xcassets in Resources */,
				3B47CF5925EDA6550031FBBE /* Main.storyboard in Resources */,
			);
			runOnlyForDeploymentPostprocessing = 0;
		};
		3B47CF6225EDA6570031FBBE /* Resources */ = {
			isa = PBXResourcesBuildPhase;
			buildActionMask = 2147483647;
			files = (
			);
			runOnlyForDeploymentPostprocessing = 0;
		};
		3B47CF6D25EDA6570031FBBE /* Resources */ = {
			isa = PBXResourcesBuildPhase;
			buildActionMask = 2147483647;
			files = (
			);
			runOnlyForDeploymentPostprocessing = 0;
		};
/* End PBXResourcesBuildPhase section */

/* Begin PBXSourcesBuildPhase section */
		3B47CF4A25EDA6550031FBBE /* Sources */ = {
			isa = PBXSourcesBuildPhase;
			buildActionMask = 2147483647;
			files = (
				3B47CF8625EDA6990031FBBE /* StockData.swift in Sources */,
				3B47CF5625EDA6550031FBBE /* ViewController.swift in Sources */,
				3B47CF5225EDA6550031FBBE /* AppDelegate.swift in Sources */,
				3B47CF5425EDA6550031FBBE /* SceneDelegate.swift in Sources */,
			);
			runOnlyForDeploymentPostprocessing = 0;
		};
		3B47CF6025EDA6570031FBBE /* Sources */ = {
			isa = PBXSourcesBuildPhase;
			buildActionMask = 2147483647;
			files = (
				3B47CF6925EDA6570031FBBE /* StockCheckTests.swift in Sources */,
			);
			runOnlyForDeploymentPostprocessing = 0;
		};
		3B47CF6B25EDA6570031FBBE /* Sources */ = {
			isa = PBXSourcesBuildPhase;
			buildActionMask = 2147483647;
			files = (
				3B47CF7425EDA6570031FBBE /* StockCheckUITests.swift in Sources */,
			);
			runOnlyForDeploymentPostprocessing = 0;
		};
/* End PBXSourcesBuildPhase section */

/* Begin PBXTargetDependency section */
		3B47CF6625EDA6570031FBBE /* PBXTargetDependency */ = {
			isa = PBXTargetDependency;
			target = 3B47CF4D25EDA6550031FBBE /* StockCheck */;
			targetProxy = 3B47CF6525EDA6570031FBBE /* PBXContainerItemProxy */;
		};
		3B47CF7125EDA6570031FBBE /* PBXTargetDependency */ = {
			isa = PBXTargetDependency;
			target = 3B47CF4D25EDA6550031FBBE /* StockCheck */;
			targetProxy = 3B47CF7025EDA6570031FBBE /* PBXContainerItemProxy */;
		};
/* End PBXTargetDependency section */

/* Begin PBXVariantGroup section */
		3B47CF5725EDA6550031FBBE /* Main.storyboard */ = {
			isa = PBXVariantGroup;
			children = (
				3B47CF5825EDA6550031FBBE /* Base */,
			);
			name = Main.storyboard;
			sourceTree = "<group>";
		};
		3B47CF5C25EDA6560031FBBE /* LaunchScreen.storyboard */ = {
			isa = PBXVariantGroup;
			children = (
				3B47CF5D25EDA6560031FBBE /* Base */,
			);
			name = LaunchScreen.storyboard;
			sourceTree = "<group>";
		};
/* End PBXVariantGroup section */

/* Begin XCBuildConfiguration section */
		3B47CF7625EDA6570031FBBE /* Debug */ = {
			isa = XCBuildConfiguration;
			buildSettings = {
				ALWAYS_SEARCH_USER_PATHS = NO;
				CLANG_ANALYZER_NONNULL = YES;
				CLANG_ANALYZER_NUMBER_OBJECT_CONVERSION = YES_AGGRESSIVE;
				CLANG_CXX_LANGUAGE_STANDARD = "gnu++14";
				CLANG_CXX_LIBRARY = "libc++";
				CLANG_ENABLE_MODULES = YES;
				CLANG_ENABLE_OBJC_ARC = YES;
				CLANG_ENABLE_OBJC_WEAK = YES;
				CLANG_WARN_BLOCK_CAPTURE_AUTORELEASING = YES;
				CLANG_WARN_BOOL_CONVERSION = YES;
				CLANG_WARN_COMMA = YES;
				CLANG_WARN_CONSTANT_CONVERSION = YES;
				CLANG_WARN_DEPRECATED_OBJC_IMPLEMENTATIONS = YES;
				CLANG_WARN_DIRECT_OBJC_ISA_USAGE = YES_ERROR;
				CLANG_WARN_DOCUMENTATION_COMMENTS = YES;
				CLANG_WARN_EMPTY_BODY = YES;
				CLANG_WARN_ENUM_CONVERSION = YES;
				CLANG_WARN_INFINITE_RECURSION = YES;
				CLANG_WARN_INT_CONVERSION = YES;
				CLANG_WARN_NON_LITERAL_NULL_CONVERSION = YES;
				CLANG_WARN_OBJC_IMPLICIT_RETAIN_SELF = YES;
				CLANG_WARN_OBJC_LITERAL_CONVERSION = YES;
				CLANG_WARN_OBJC_ROOT_CLASS = YES_ERROR;
				CLANG_WARN_QUOTED_INCLUDE_IN_FRAMEWORK_HEADER = YES;
				CLANG_WARN_RANGE_LOOP_ANALYSIS = YES;
				CLANG_WARN_STRICT_PROTOTYPES = YES;
				CLANG_WARN_SUSPICIOUS_MOVE = YES;
				CLANG_WARN_UNGUARDED_AVAILABILITY = YES_AGGRESSIVE;
				CLANG_WARN_UNREACHABLE_CODE = YES;
				CLANG_WARN__DUPLICATE_METHOD_MATCH = YES;
				COPY_PHASE_STRIP = NO;
				DEBUG_INFORMATION_FORMAT = dwarf;
				ENABLE_STRICT_OBJC_MSGSEND = YES;
				ENABLE_TESTABILITY = YES;
				GCC_C_LANGUAGE_STANDARD = gnu11;
				GCC_DYNAMIC_NO_PIC = NO;
				GCC_NO_COMMON_BLOCKS = YES;
				GCC_OPTIMIZATION_LEVEL = 0;
				GCC_PREPROCESSOR_DEFINITIONS = (
					"DEBUG=1",
					"$(inherited)",
				);
				GCC_WARN_64_TO_32_BIT_CONVERSION = YES;
				GCC_WARN_ABOUT_RETURN_TYPE = YES_ERROR;
				GCC_WARN_UNDECLARED_SELECTOR = YES;
				GCC_WARN_UNINITIALIZED_AUTOS = YES_AGGRESSIVE;
				GCC_WARN_UNUSED_FUNCTION = YES;
				GCC_WARN_UNUSED_VARIABLE = YES;
				IPHONEOS_DEPLOYMENT_TARGET = 14.4;
				MTL_ENABLE_DEBUG_INFO = INCLUDE_SOURCE;
				MTL_FAST_MATH = YES;
				ONLY_ACTIVE_ARCH = YES;
				SDKROOT = iphoneos;
				SWIFT_ACTIVE_COMPILATION_CONDITIONS = DEBUG;
				SWIFT_OPTIMIZATION_LEVEL = "-Onone";
			};
			name = Debug;
		};
		3B47CF7725EDA6570031FBBE /* Release */ = {
			isa = XCBuildConfiguration;
			buildSettings = {
				ALWAYS_SEARCH_USER_PATHS = NO;
				CLANG_ANALYZER_NONNULL = YES;
				CLANG_ANALYZER_NUMBER_OBJECT_CONVERSION = YES_AGGRESSIVE;
				CLANG_CXX_LANGUAGE_STANDARD = "gnu++14";
				CLANG_CXX_LIBRARY = "libc++";
				CLANG_ENABLE_MODULES = YES;
				CLANG_ENABLE_OBJC_ARC = YES;
				CLANG_ENABLE_OBJC_WEAK = YES;
				CLANG_WARN_BLOCK_CAPTURE_AUTORELEASING = YES;
				CLANG_WARN_BOOL_CONVERSION = YES;
				CLANG_WARN_COMMA = YES;
				CLANG_WARN_CONSTANT_CONVERSION = YES;
				CLANG_WARN_DEPRECATED_OBJC_IMPLEMENTATIONS = YES;
				CLANG_WARN_DIRECT_OBJC_ISA_USAGE = YES_ERROR;
				CLANG_WARN_DOCUMENTATION_COMMENTS = YES;
				CLANG_WARN_EMPTY_BODY = YES;
				CLANG_WARN_ENUM_CONVERSION = YES;
				CLANG_WARN_INFINITE_RECURSION = YES;
				CLANG_WARN_INT_CONVERSION = YES;
				CLANG_WARN_NON_LITERAL_NULL_CONVERSION = YES;
				CLANG_WARN_OBJC_IMPLICIT_RETAIN_SELF = YES;
				CLANG_WARN_OBJC_LITERAL_CONVERSION = YES;
				CLANG_WARN_OBJC_ROOT_CLASS = YES_ERROR;
				CLANG_WARN_QUOTED_INCLUDE_IN_FRAMEWORK_HEADER = YES;
				CLANG_WARN_RANGE_LOOP_ANALYSIS = YES;
				CLANG_WARN_STRICT_PROTOTYPES = YES;
				CLANG_WARN_SUSPICIOUS_MOVE = YES;
				CLANG_WARN_UNGUARDED_AVAILABILITY = YES_AGGRESSIVE;
				CLANG_WARN_UNREACHABLE_CODE = YES;
				CLANG_WARN__DUPLICATE_METHOD_MATCH = YES;
				COPY_PHASE_STRIP = NO;
				DEBUG_INFORMATION_FORMAT = "dwarf-with-dsym";
				ENABLE_NS_ASSERTIONS = NO;
				ENABLE_STRICT_OBJC_MSGSEND = YES;
				GCC_C_LANGUAGE_STANDARD = gnu11;
				GCC_NO_COMMON_BLOCKS = YES;
				GCC_WARN_64_TO_32_BIT_CONVERSION = YES;
				GCC_WARN_ABOUT_RETURN_TYPE = YES_ERROR;
				GCC_WARN_UNDECLARED_SELECTOR = YES;
				GCC_WARN_UNINITIALIZED_AUTOS = YES_AGGRESSIVE;
				GCC_WARN_UNUSED_FUNCTION = YES;
				GCC_WARN_UNUSED_VARIABLE = YES;
				IPHONEOS_DEPLOYMENT_TARGET = 14.4;
				MTL_ENABLE_DEBUG_INFO = NO;
				MTL_FAST_MATH = YES;
				SDKROOT = iphoneos;
				SWIFT_COMPILATION_MODE = wholemodule;
				SWIFT_OPTIMIZATION_LEVEL = "-O";
				VALIDATE_PRODUCT = YES;
			};
			name = Release;
		};
		3B47CF7925EDA6570031FBBE /* Debug */ = {
			isa = XCBuildConfiguration;
			buildSettings = {
				ASSETCATALOG_COMPILER_APPICON_NAME = AppIcon;
				ASSETCATALOG_COMPILER_GLOBAL_ACCENT_COLOR_NAME = AccentColor;
				CODE_SIGN_STYLE = Automatic;
				DEVELOPMENT_TEAM = A6U65CB7C3;
				INFOPLIST_FILE = StockCheck/Info.plist;
				LD_RUNPATH_SEARCH_PATHS = (
					"$(inherited)",
					"@executable_path/Frameworks",
				);
				PRODUCT_BUNDLE_IDENTIFIER = baba.StockCheck;
				PRODUCT_NAME = "$(TARGET_NAME)";
				SWIFT_VERSION = 5.0;
				TARGETED_DEVICE_FAMILY = "1,2";
			};
			name = Debug;
		};
		3B47CF7A25EDA6570031FBBE /* Release */ = {
			isa = XCBuildConfiguration;
			buildSettings = {
				ASSETCATALOG_COMPILER_APPICON_NAME = AppIcon;
				ASSETCATALOG_COMPILER_GLOBAL_ACCENT_COLOR_NAME = AccentColor;
				CODE_SIGN_STYLE = Automatic;
				DEVELOPMENT_TEAM = A6U65CB7C3;
				INFOPLIST_FILE = StockCheck/Info.plist;
				LD_RUNPATH_SEARCH_PATHS = (
					"$(inherited)",
					"@executable_path/Frameworks",
				);
				PRODUCT_BUNDLE_IDENTIFIER = baba.StockCheck;
				PRODUCT_NAME = "$(TARGET_NAME)";
				SWIFT_VERSION = 5.0;
				TARGETED_DEVICE_FAMILY = "1,2";
			};
			name = Release;
		};
		3B47CF7C25EDA6570031FBBE /* Debug */ = {
			isa = XCBuildConfiguration;
			buildSettings = {
				ALWAYS_EMBED_SWIFT_STANDARD_LIBRARIES = YES;
				BUNDLE_LOADER = "$(TEST_HOST)";
				CODE_SIGN_STYLE = Automatic;
				DEVELOPMENT_TEAM = A6U65CB7C3;
				INFOPLIST_FILE = StockCheckTests/Info.plist;
				IPHONEOS_DEPLOYMENT_TARGET = 14.4;
				LD_RUNPATH_SEARCH_PATHS = (
					"$(inherited)",
					"@executable_path/Frameworks",
					"@loader_path/Frameworks",
				);
				PRODUCT_BUNDLE_IDENTIFIER = baba.StockCheckTests;
				PRODUCT_NAME = "$(TARGET_NAME)";
				SWIFT_VERSION = 5.0;
				TARGETED_DEVICE_FAMILY = "1,2";
				TEST_HOST = "$(BUILT_PRODUCTS_DIR)/StockCheck.app/StockCheck";
			};
			name = Debug;
		};
		3B47CF7D25EDA6570031FBBE /* Release */ = {
			isa = XCBuildConfiguration;
			buildSettings = {
				ALWAYS_EMBED_SWIFT_STANDARD_LIBRARIES = YES;
				BUNDLE_LOADER = "$(TEST_HOST)";
				CODE_SIGN_STYLE = Automatic;
				DEVELOPMENT_TEAM = A6U65CB7C3;
				INFOPLIST_FILE = StockCheckTests/Info.plist;
				IPHONEOS_DEPLOYMENT_TARGET = 14.4;
				LD_RUNPATH_SEARCH_PATHS = (
					"$(inherited)",
					"@executable_path/Frameworks",
					"@loader_path/Frameworks",
				);
				PRODUCT_BUNDLE_IDENTIFIER = baba.StockCheckTests;
				PRODUCT_NAME = "$(TARGET_NAME)";
				SWIFT_VERSION = 5.0;
				TARGETED_DEVICE_FAMILY = "1,2";
				TEST_HOST = "$(BUILT_PRODUCTS_DIR)/StockCheck.app/StockCheck";
			};
			name = Release;
		};
		3B47CF7F25EDA6570031FBBE /* Debug */ = {
			isa = XCBuildConfiguration;
			buildSettings = {
				ALWAYS_EMBED_SWIFT_STANDARD_LIBRARIES = YES;
				CODE_SIGN_STYLE = Automatic;
				DEVELOPMENT_TEAM = A6U65CB7C3;
				INFOPLIST_FILE = StockCheckUITests/Info.plist;
				LD_RUNPATH_SEARCH_PATHS = (
					"$(inherited)",
					"@executable_path/Frameworks",
					"@loader_path/Frameworks",
				);
				PRODUCT_BUNDLE_IDENTIFIER = baba.StockCheckUITests;
				PRODUCT_NAME = "$(TARGET_NAME)";
				SWIFT_VERSION = 5.0;
				TARGETED_DEVICE_FAMILY = "1,2";
				TEST_TARGET_NAME = StockCheck;
			};
			name = Debug;
		};
		3B47CF8025EDA6570031FBBE /* Release */ = {
			isa = XCBuildConfiguration;
			buildSettings = {
				ALWAYS_EMBED_SWIFT_STANDARD_LIBRARIES = YES;
				CODE_SIGN_STYLE = Automatic;
				DEVELOPMENT_TEAM = A6U65CB7C3;
				INFOPLIST_FILE = StockCheckUITests/Info.plist;
				LD_RUNPATH_SEARCH_PATHS = (
					"$(inherited)",
					"@executable_path/Frameworks",
					"@loader_path/Frameworks",
				);
				PRODUCT_BUNDLE_IDENTIFIER = baba.StockCheckUITests;
				PRODUCT_NAME = "$(TARGET_NAME)";
				SWIFT_VERSION = 5.0;
				TARGETED_DEVICE_FAMILY = "1,2";
				TEST_TARGET_NAME = StockCheck;
			};
			name = Release;
		};
/* End XCBuildConfiguration section */

/* Begin XCConfigurationList section */
		3B47CF4925EDA6550031FBBE /* Build configuration list for PBXProject "StockCheck" */ = {
			isa = XCConfigurationList;
			buildConfigurations = (
				3B47CF7625EDA6570031FBBE /* Debug */,
				3B47CF7725EDA6570031FBBE /* Release */,
			);
			defaultConfigurationIsVisible = 0;
			defaultConfigurationName = Release;
		};
		3B47CF7825EDA6570031FBBE /* Build configuration list for PBXNativeTarget "StockCheck" */ = {
			isa = XCConfigurationList;
			buildConfigurations = (
				3B47CF7925EDA6570031FBBE /* Debug */,
				3B47CF7A25EDA6570031FBBE /* Release */,
			);
			defaultConfigurationIsVisible = 0;
			defaultConfigurationName = Release;
		};
		3B47CF7B25EDA6570031FBBE /* Build configuration list for PBXNativeTarget "StockCheckTests" */ = {
			isa = XCConfigurationList;
			buildConfigurations = (
				3B47CF7C25EDA6570031FBBE /* Debug */,
				3B47CF7D25EDA6570031FBBE /* Release */,
			);
			defaultConfigurationIsVisible = 0;
			defaultConfigurationName = Release;
		};
		3B47CF7E25EDA6570031FBBE /* Build configuration list for PBXNativeTarget "StockCheckUITests" */ = {
			isa = XCConfigurationList;
			buildConfigurations = (
				3B47CF7F25EDA6570031FBBE /* Debug */,
				3B47CF8025EDA6570031FBBE /* Release */,
			);
			defaultConfigurationIsVisible = 0;
			defaultConfigurationName = Release;
		};
/* End XCConfigurationList section */
	};
	rootObject = 3B47CF4625EDA6550031FBBE /* Project object */;
}
